
Microsoft Visual Studio Solution File, Format Version 12.00
# Visual Studio Version 16
VisualStudioVersion = 16.0.29926.136
MinimumVisualStudioVersion = 10.0.40219.1
Project("{FAE04EC0-301F-11D3-BF4B-00C04F79EFBC}") = "Agenda.UIDesktop", "AgendaTeste\Agenda.UIDesktop.csproj", "{894A9919-1B85-4D54-898E-52147A0FD6CE}"
EndProject
Project("{FAE04EC0-301F-11D3-BF4B-00C04F79EFBC}") = "Agenda.DAL", "Agenda.DAL\Agenda.DAL.csproj", "{4B9FEF87-96F3-4985-BB46-D9F602491B57}"
EndProject
Project("{FAE04EC0-301F-11D3-BF4B-00C04F79EFBC}") = "Agenda.DAL.Test", "Agenda.DAL.Test\Agenda.DAL.Test.csproj", "{CB4218D2-8A69-4157-A796-BF3E20C3CD6C}"
EndProject
Project("{FAE04EC0-301F-11D3-BF4B-00C04F79EFBC}") = "Agenda.Domain", "Agenda.Domain\Agenda.Domain.csproj", "{161C218F-B8E4-44A1-A2EB-04D8DCBD13DE}"
EndProject
Project("{FAE04EC0-301F-11D3-BF4B-00C04F79EFBC}") = "Agenda.Repositorio", "Agenda.Repositorio\Agenda.Repositorio.csproj", "{795EC7CE-77AC-4435-9433-215E8838B113}"
EndProject
Project("{FAE04EC0-301F-11D3-BF4B-00C04F79EFBC}") = "Agenda.Repositorio.Test", "Agenda.Repositorio.Test\Agenda.Repositorio.Test.csproj", "{8F7EB606-6AA8-4198-B0CF-A70398CB16FA}"
EndProject
Global
	GlobalSection(SolutionConfigurationPlatforms) = preSolution
		Debug|Any CPU = Debug|Any CPU
		Release|Any CPU = Release|Any CPU
	EndGlobalSection
	GlobalSection(ProjectConfigurationPlatforms) = postSolution
		{894A9919-1B85-4D54-898E-52147A0FD6CE}.Debug|Any CPU.ActiveCfg = Debug|Any CPU
		{894A9919-1B85-4D54-898E-52147A0FD6CE}.Debug|Any CPU.Build.0 = Debug|Any CPU
		{894A9919-1B85-4D54-898E-52147A0FD6CE}.Release|Any CPU.ActiveCfg = Release|Any CPU
		{894A9919-1B85-4D54-898E-52147A0FD6CE}.Release|Any CPU.Build.0 = Release|Any CPU
		{4B9FEF87-96F3-4985-BB46-D9F602491B57}.Debug|Any CPU.ActiveCfg = Debug|Any CPU
		{4B9FEF87-96F3-4985-BB46-D9F602491B57}.Debug|Any CPU.Build.0 = Debug|Any CPU
		{4B9FEF87-96F3-4985-BB46-D9F602491B57}.Release|Any CPU.ActiveCfg = Release|Any CPU
		{4B9FEF87-96F3-4985-BB46-D9F602491B57}.Release|Any CPU.Build.0 = Release|Any CPU
		{CB4218D2-8A69-4157-A796-BF3E20C3CD6C}.Debug|Any CPU.ActiveCfg = Debug|Any CPU
		{CB4218D2-8A69-4157-A796-BF3E20C3CD6C}.Debug|Any CPU.Build.0 = Debug|Any CPU
		{CB4218D2-8A69-4157-A796-BF3E20C3CD6C}.Release|Any CPU.ActiveCfg = Release|Any CPU
		{CB4218D2-8A69-4157-A796-BF3E20C3CD6C}.Release|Any CPU.Build.0 = Release|Any CPU
		{161C218F-B8E4-44A1-A2EB-04D8DCBD13DE}.Debug|Any CPU.ActiveCfg = Debug|Any CPU
		{161C218F-B8E4-44A1-A2EB-04D8DCBD13DE}.Debug|Any CPU.Build.0 = Debug|Any CPU
		{161C218F-B8E4-44A1-A2EB-04D8DCBD13DE}.Release|Any CPU.ActiveCfg = Release|Any CPU
		{161C218F-B8E4-44A1-A2EB-04D8DCBD13DE}.Release|Any CPU.Build.0 = Release|Any CPU
		{795EC7CE-77AC-4435-9433-215E8838B113}.Debug|Any CPU.ActiveCfg = Debug|Any CPU
		{795EC7CE-77AC-4435-9433-215E8838B113}.Debug|Any CPU.Build.0 = Debug|Any CPU
		{795EC7CE-77AC-4435-9433-215E8838B113}.Release|Any CPU.ActiveCfg = Release|Any CPU
		{795EC7CE-77AC-4435-9433-215E8838B113}.Release|Any CPU.Build.0 = Release|Any CPU
		{8F7EB606-6AA8-4198-B0CF-A70398CB16FA}.Debug|Any CPU.ActiveCfg = Debug|Any CPU
		{8F7EB606-6AA8-4198-B0CF-A70398CB16FA}.Debug|Any CPU.Build.0 = Debug|Any CPU
		{8F7EB606-6AA8-4198-B0CF-A70398CB16FA}.Release|Any CPU.ActiveCfg = Release|Any CPU
		{8F7EB606-6AA8-4198-B0CF-A70398CB16FA}.Release|Any CPU.Build.0 = Release|Any CPU
	EndGlobalSection
	GlobalSection(SolutionProperties) = preSolution
		HideSolutionNode = FALSE
	EndGlobalSection
	GlobalSection(ExtensibilityGlobals) = postSolution
		SolutionGuid = {986B654A-459A-488A-B205-E945E47952B3}
	EndGlobalSection
EndGlobal
